
Microsoft Visual Studio Solution File, Format Version 12.00
# Visual Studio Version 16
VisualStudioVersion = 16.0.31702.278
MinimumVisualStudioVersion = 10.0.40219.1
Project("{FAE04EC0-301F-11D3-BF4B-00C04F79EFBC}") = "OrderFoodApp.Android", "OrderFoodApp\OrderFoodApp.Android\OrderFoodApp.Android.csproj", "{7BB9BC0F-F8B9-4B42-B395-56B3F11C578F}"
EndProject
Project("{FAE04EC0-301F-11D3-BF4B-00C04F79EFBC}") = "OrderFoodApp.iOS", "OrderFoodApp\OrderFoodApp.iOS\OrderFoodApp.iOS.csproj", "{71ECF6B9-46E7-418F-A9B0-7CB1B2974CF4}"
EndProject
Project("{FAE04EC0-301F-11D3-BF4B-00C04F79EFBC}") = "OrderFoodApp", "OrderFoodApp\OrderFoodApp\OrderFoodApp.csproj", "{B78E53C6-E970-4261-8192-1A60139E132E}"
EndProject
Global
	GlobalSection(SolutionConfigurationPlatforms) = preSolution
		Debug|Any CPU = Debug|Any CPU
		Debug|iPhone = Debug|iPhone
		Debug|iPhoneSimulator = Debug|iPhoneSimulator
		Release|Any CPU = Release|Any CPU
		Release|iPhone = Release|iPhone
		Release|iPhoneSimulator = Release|iPhoneSimulator
	EndGlobalSection
	GlobalSection(ProjectConfigurationPlatforms) = postSolution
		{7BB9BC0F-F8B9-4B42-B395-56B3F11C578F}.Debug|Any CPU.ActiveCfg = Debug|Any CPU
		{7BB9BC0F-F8B9-4B42-B395-56B3F11C578F}.Debug|Any CPU.Build.0 = Debug|Any CPU
		{7BB9BC0F-F8B9-4B42-B395-56B3F11C578F}.Debug|Any CPU.Deploy.0 = Debug|Any CPU
		{7BB9BC0F-F8B9-4B42-B395-56B3F11C578F}.Debug|iPhone.ActiveCfg = Debug|Any CPU
		{7BB9BC0F-F8B9-4B42-B395-56B3F11C578F}.Debug|iPhone.Build.0 = Debug|Any CPU
		{7BB9BC0F-F8B9-4B42-B395-56B3F11C578F}.Debug|iPhone.Deploy.0 = Debug|Any CPU
		{7BB9BC0F-F8B9-4B42-B395-56B3F11C578F}.Debug|iPhoneSimulator.ActiveCfg = Debug|Any CPU
		{7BB9BC0F-F8B9-4B42-B395-56B3F11C578F}.Debug|iPhoneSimulator.Build.0 = Debug|Any CPU
		{7BB9BC0F-F8B9-4B42-B395-56B3F11C578F}.Debug|iPhoneSimulator.Deploy.0 = Debug|Any CPU
		{7BB9BC0F-F8B9-4B42-B395-56B3F11C578F}.Release|Any CPU.ActiveCfg = Release|Any CPU
		{7BB9BC0F-F8B9-4B42-B395-56B3F11C578F}.Release|Any CPU.Build.0 = Release|Any CPU
		{7BB9BC0F-F8B9-4B42-B395-56B3F11C578F}.Release|Any CPU.Deploy.0 = Release|Any CPU
		{7BB9BC0F-F8B9-4B42-B395-56B3F11C578F}.Release|iPhone.ActiveCfg = Release|Any CPU
		{7BB9BC0F-F8B9-4B42-B395-56B3F11C578F}.Release|iPhone.Build.0 = Release|Any CPU
		{7BB9BC0F-F8B9-4B42-B395-56B3F11C578F}.Release|iPhone.Deploy.0 = Release|Any CPU
		{7BB9BC0F-F8B9-4B42-B395-56B3F11C578F}.Release|iPhoneSimulator.ActiveCfg = Release|Any CPU
		{7BB9BC0F-F8B9-4B42-B395-56B3F11C578F}.Release|iPhoneSimulator.Build.0 = Release|Any CPU
		{7BB9BC0F-F8B9-4B42-B395-56B3F11C578F}.Release|iPhoneSimulator.Deploy.0 = Release|Any CPU
		{71ECF6B9-46E7-418F-A9B0-7CB1B2974CF4}.Debug|Any CPU.ActiveCfg = Debug|iPhone
		{71ECF6B9-46E7-418F-A9B0-7CB1B2974CF4}.Debug|Any CPU.Build.0 = Debug|iPhone
		{71ECF6B9-46E7-418F-A9B0-7CB1B2974CF4}.Debug|Any CPU.Deploy.0 = Debug|iPhone
		{71ECF6B9-46E7-418F-A9B0-7CB1B2974CF4}.Debug|iPhone.ActiveCfg = Debug|iPhone
		{71ECF6B9-46E7-418F-A9B0-7CB1B2974CF4}.Debug|iPhone.Build.0 = Debug|iPhone
		{71ECF6B9-46E7-418F-A9B0-7CB1B2974CF4}.Debug|iPhone.Deploy.0 = Debug|iPhone
		{71ECF6B9-46E7-418F-A9B0-7CB1B2974CF4}.Debug|iPhoneSimulator.ActiveCfg = Debug|iPhoneSimulator
		{71ECF6B9-46E7-418F-A9B0-7CB1B2974CF4}.Debug|iPhoneSimulator.Build.0 = Debug|iPhoneSimulator
		{71ECF6B9-46E7-418F-A9B0-7CB1B2974CF4}.Debug|iPhoneSimulator.Deploy.0 = Debug|iPhoneSimulator
		{71ECF6B9-46E7-418F-A9B0-7CB1B2974CF4}.Release|Any CPU.ActiveCfg = Release|iPhoneSimulator
		{71ECF6B9-46E7-418F-A9B0-7CB1B2974CF4}.Release|Any CPU.Build.0 = Release|iPhoneSimulator
		{71ECF6B9-46E7-418F-A9B0-7CB1B2974CF4}.Release|Any CPU.Deploy.0 = Release|iPhoneSimulator
		{71ECF6B9-46E7-418F-A9B0-7CB1B2974CF4}.Release|iPhone.ActiveCfg = Release|iPhone
		{71ECF6B9-46E7-418F-A9B0-7CB1B2974CF4}.Release|iPhone.Build.0 = Release|iPhone
		{71ECF6B9-46E7-418F-A9B0-7CB1B2974CF4}.Release|iPhone.Deploy.0 = Release|iPhone
		{71ECF6B9-46E7-418F-A9B0-7CB1B2974CF4}.Release|iPhoneSimulator.ActiveCfg = Release|iPhoneSimulator
		{71ECF6B9-46E7-418F-A9B0-7CB1B2974CF4}.Release|iPhoneSimulator.Build.0 = Release|iPhoneSimulator
		{71ECF6B9-46E7-418F-A9B0-7CB1B2974CF4}.Release|iPhoneSimulator.Deploy.0 = Release|iPhoneSimulator
		{B78E53C6-E970-4261-8192-1A60139E132E}.Debug|Any CPU.ActiveCfg = Debug|Any CPU
		{B78E53C6-E970-4261-8192-1A60139E132E}.Debug|Any CPU.Build.0 = Debug|Any CPU
		{B78E53C6-E970-4261-8192-1A60139E132E}.Debug|Any CPU.Deploy.0 = Debug|Any CPU
		{B78E53C6-E970-4261-8192-1A60139E132E}.Debug|iPhone.ActiveCfg = Debug|Any CPU
		{B78E53C6-E970-4261-8192-1A60139E132E}.Debug|iPhone.Build.0 = Debug|Any CPU
		{B78E53C6-E970-4261-8192-1A60139E132E}.Debug|iPhone.Deploy.0 = Debug|Any CPU
		{B78E53C6-E970-4261-8192-1A60139E132E}.Debug|iPhoneSimulator.ActiveCfg = Debug|Any CPU
		{B78E53C6-E970-4261-8192-1A60139E132E}.Debug|iPhoneSimulator.Build.0 = Debug|Any CPU
		{B78E53C6-E970-4261-8192-1A60139E132E}.Debug|iPhoneSimulator.Deploy.0 = Debug|Any CPU
		{B78E53C6-E970-4261-8192-1A60139E132E}.Release|Any CPU.ActiveCfg = Release|Any CPU
		{B78E53C6-E970-4261-8192-1A60139E132E}.Release|Any CPU.Build.0 = Release|Any CPU
		{B78E53C6-E970-4261-8192-1A60139E132E}.Release|Any CPU.Deploy.0 = Release|Any CPU
		{B78E53C6-E970-4261-8192-1A60139E132E}.Release|iPhone.ActiveCfg = Release|Any CPU
		{B78E53C6-E970-4261-8192-1A60139E132E}.Release|iPhone.Build.0 = Release|Any CPU
		{B78E53C6-E970-4261-8192-1A60139E132E}.Release|iPhone.Deploy.0 = Release|Any CPU
		{B78E53C6-E970-4261-8192-1A60139E132E}.Release|iPhoneSimulator.ActiveCfg = Release|Any CPU
		{B78E53C6-E970-4261-8192-1A60139E132E}.Release|iPhoneSimulator.Build.0 = Release|Any CPU
		{B78E53C6-E970-4261-8192-1A60139E132E}.Release|iPhoneSimulator.Deploy.0 = Release|Any CPU
	EndGlobalSection
	GlobalSection(SolutionProperties) = preSolution
		HideSolutionNode = FALSE
	EndGlobalSection
	GlobalSection(ExtensibilityGlobals) = postSolution
		SolutionGuid = {21C95431-738C-42AC-998B-7ADCB2B8DB18}
	EndGlobalSection
EndGlobal
